
Microsoft Visual Studio Solution File, Format Version 12.00
# Visual Studio Version 17
VisualStudioVersion = 17.5.33530.505
MinimumVisualStudioVersion = 10.0.40219.1
Project("{FAE04EC0-301F-11D3-BF4B-00C04F79EFBC}") = "Web-Scraper", "Web-Scraper\Web-Scraper.csproj", "{223E5CAD-3EBE-416A-A838-624E7F8A0E19}"
EndProject
Global
	GlobalSection(SolutionConfigurationPlatforms) = preSolution
		Debug|Any CPU = Debug|Any CPU
		Release|Any CPU = Release|Any CPU
	EndGlobalSection
	GlobalSection(ProjectConfigurationPlatforms) = postSolution
		{223E5CAD-3EBE-416A-A838-624E7F8A0E19}.Debug|Any CPU.ActiveCfg = Debug|Any CPU
		{223E5CAD-3EBE-416A-A838-624E7F8A0E19}.Debug|Any CPU.Build.0 = Debug|Any CPU
		{223E5CAD-3EBE-416A-A838-624E7F8A0E19}.Release|Any CPU.ActiveCfg = Release|Any CPU
		{223E5CAD-3EBE-416A-A838-624E7F8A0E19}.Release|Any CPU.Build.0 = Release|Any CPU
	EndGlobalSection
	GlobalSection(SolutionProperties) = preSolution
		HideSolutionNode = FALSE
	EndGlobalSection
	GlobalSection(ExtensibilityGlobals) = postSolution
		SolutionGuid = {42F4716E-3530-4C1E-8C52-40FD9ED4F51F}
	EndGlobalSection
EndGlobal
